# @generated by Move, please check-in and do not edit manually.

[move]
version = 2
manifest_digest = "126734ECE6CB3DEAB0DC716ACD7D3114DBCCD48ED4122BDBCAFF81249A4DD637"
deps_digest = "F8BBB0CCB2491CA29A3DF03D6F92277A4F3574266507ACD77214D37ECA3F3082"
dependencies = [
  { name = "Sui" },
]

[[move.package]]
name = "MoveStdlib"
source = { git = "https://github.com/MystenLabs/sui.git", rev = "framework/mainnet", subdir = "crates/sui-framework/packages/move-stdlib" }

[[move.package]]
name = "Sui"
source = { git = "https://github.com/MystenLabs/sui.git", rev = "framework/mainnet", subdir = "crates/sui-framework/packages/sui-framework" }

dependencies = [
  { name = "MoveStdlib" },
]

[move.toolchain-version]
compiler-version = "1.33.0"
edition = "2024.beta"
flavor = "sui"

[env]

[env.testnet]
chain-id = "4c78adac"
original-published-id = "0xd198abee8def4735cb8b1848e50d5cde4f680ee62e881cb5e2638cf7bdef4512"
latest-published-id = "0xd198abee8def4735cb8b1848e50d5cde4f680ee62e881cb5e2638cf7bdef4512"
published-version = "1"

[env.mainnet]
chain-id = "35834a8a"
original-published-id = "0x68754fbe4553285775440a9a3d88720fcad7adc678d24f83f5d429ba8a237583"
latest-published-id = "0x68754fbe4553285775440a9a3d88720fcad7adc678d24f83f5d429ba8a237583"
published-version = "1"
