# @generated by Move, please check-in and do not edit manually.

[move]
version = 2
manifest_digest = "3D34488DD3A0EE7E4F7F96F054ED60C53E5AACBB9A745D035D5273B0A00A3606"
deps_digest = "F8BBB0CCB2491CA29A3DF03D6F92277A4F3574266507ACD77214D37ECA3F3082"
dependencies = [
  { name = "Sui" },
]

[[move.package]]
name = "MoveStdlib"
source = { git = "https://github.com/MystenLabs/sui.git", rev = "framework/testnet", subdir = "crates/sui-framework/packages/move-stdlib" }

[[move.package]]
name = "Sui"
source = { git = "https://github.com/MystenLabs/sui.git", rev = "framework/testnet", subdir = "crates/sui-framework/packages/sui-framework" }

dependencies = [
  { name = "MoveStdlib" },
]

[move.toolchain-version]
compiler-version = "1.30.3"
edition = "2024.beta"
flavor = "sui"

[env]

[env.testnet]
chain-id = "4c78adac"
original-published-id = "0x3bba9446586fd368f4e03058c549bdb040a78ec7dc299dd61726829fbbdeeb2c"
latest-published-id = "0x3bba9446586fd368f4e03058c549bdb040a78ec7dc299dd61726829fbbdeeb2c"
published-version = "1"
